// !$*UTF8*$!
{
	archiveVersion = 1;
	classes = {
	};
	objectVersion = 56;
	objects = {

/* Begin PBXBuildFile section */
		D66A9036299ECE1B00C3C9C6 /* DesignCodeiOS16App.swift in Sources */ = {isa = PBXBuildFile; fileRef = D66A9035299ECE1B00C3C9C6 /* DesignCodeiOS16App.swift */; };
		D66A9038299ECE1B00C3C9C6 /* ContentView.swift in Sources */ = {isa = PBXBuildFile; fileRef = D66A9037299ECE1B00C3C9C6 /* ContentView.swift */; };
		D66A903A299ECE1F00C3C9C6 /* Assets.xcassets in Resources */ = {isa = PBXBuildFile; fileRef = D66A9039299ECE1F00C3C9C6 /* Assets.xcassets */; };
		D66A903E299ECE1F00C3C9C6 /* Preview Assets.xcassets in Resources */ = {isa = PBXBuildFile; fileRef = D66A903D299ECE1F00C3C9C6 /* Preview Assets.xcassets */; };
		D66A9048299ECE1F00C3C9C6 /* DesignCodeiOS16Tests.swift in Sources */ = {isa = PBXBuildFile; fileRef = D66A9047299ECE1F00C3C9C6 /* DesignCodeiOS16Tests.swift */; };
		D66A9052299ECE1F00C3C9C6 /* DesignCodeiOS16UITests.swift in Sources */ = {isa = PBXBuildFile; fileRef = D66A9051299ECE1F00C3C9C6 /* DesignCodeiOS16UITests.swift */; };
		D66A9054299ECE1F00C3C9C6 /* DesignCodeiOS16UITestsLaunchTests.swift in Sources */ = {isa = PBXBuildFile; fileRef = D66A9053299ECE1F00C3C9C6 /* DesignCodeiOS16UITestsLaunchTests.swift */; };
		D6C022AF29DF600900A07DB6 /* NavigationStackView.swift in Sources */ = {isa = PBXBuildFile; fileRef = D6C022AE29DF600900A07DB6 /* NavigationStackView.swift */; };
		D6C022B129DF61BD00A07DB6 /* Data.swift in Sources */ = {isa = PBXBuildFile; fileRef = D6C022B029DF61BD00A07DB6 /* Data.swift */; };
/* End PBXBuildFile section */

/* Begin PBXContainerItemProxy section */
		D66A9044299ECE1F00C3C9C6 /* PBXContainerItemProxy */ = {
			isa = PBXContainerItemProxy;
			containerPortal = D66A902A299ECE1B00C3C9C6 /* Project object */;
			proxyType = 1;
			remoteGlobalIDString = D66A9031299ECE1B00C3C9C6;
			remoteInfo = DesignCodeiOS16;
		};
		D66A904E299ECE1F00C3C9C6 /* PBXContainerItemProxy */ = {
			isa = PBXContainerItemProxy;
			containerPortal = D66A902A299ECE1B00C3C9C6 /* Project object */;
			proxyType = 1;
			remoteGlobalIDString = D66A9031299ECE1B00C3C9C6;
			remoteInfo = DesignCodeiOS16;
		};
/* End PBXContainerItemProxy section */

/* Begin PBXFileReference section */
		D66A9032299ECE1B00C3C9C6 /* DesignCodeiOS16.app */ = {isa = PBXFileReference; explicitFileType = wrapper.application; includeInIndex = 0; path = DesignCodeiOS16.app; sourceTree = BUILT_PRODUCTS_DIR; };
		D66A9035299ECE1B00C3C9C6 /* DesignCodeiOS16App.swift */ = {isa = PBXFileReference; lastKnownFileType = sourcecode.swift; path = DesignCodeiOS16App.swift; sourceTree = "<group>"; };
		D66A9037299ECE1B00C3C9C6 /* ContentView.swift */ = {isa = PBXFileReference; lastKnownFileType = sourcecode.swift; path = ContentView.swift; sourceTree = "<group>"; };
		D66A9039299ECE1F00C3C9C6 /* Assets.xcassets */ = {isa = PBXFileReference; lastKnownFileType = folder.assetcatalog; path = Assets.xcassets; sourceTree = "<group>"; };
		D66A903B299ECE1F00C3C9C6 /* DesignCodeiOS16.entitlements */ = {isa = PBXFileReference; lastKnownFileType = text.plist.entitlements; path = DesignCodeiOS16.entitlements; sourceTree = "<group>"; };
		D66A903D299ECE1F00C3C9C6 /* Preview Assets.xcassets */ = {isa = PBXFileReference; lastKnownFileType = folder.assetcatalog; path = "Preview Assets.xcassets"; sourceTree = "<group>"; };
		D66A9043299ECE1F00C3C9C6 /* DesignCodeiOS16Tests.xctest */ = {isa = PBXFileReference; explicitFileType = wrapper.cfbundle; includeInIndex = 0; path = DesignCodeiOS16Tests.xctest; sourceTree = BUILT_PRODUCTS_DIR; };
		D66A9047299ECE1F00C3C9C6 /* DesignCodeiOS16Tests.swift */ = {isa = PBXFileReference; lastKnownFileType = sourcecode.swift; path = DesignCodeiOS16Tests.swift; sourceTree = "<group>"; };
		D66A904D299ECE1F00C3C9C6 /* DesignCodeiOS16UITests.xctest */ = {isa = PBXFileReference; explicitFileType = wrapper.cfbundle; includeInIndex = 0; path = DesignCodeiOS16UITests.xctest; sourceTree = BUILT_PRODUCTS_DIR; };
		D66A9051299ECE1F00C3C9C6 /* DesignCodeiOS16UITests.swift */ = {isa = PBXFileReference; lastKnownFileType = sourcecode.swift; path = DesignCodeiOS16UITests.swift; sourceTree = "<group>"; };
		D66A9053299ECE1F00C3C9C6 /* DesignCodeiOS16UITestsLaunchTests.swift */ = {isa = PBXFileReference; lastKnownFileType = sourcecode.swift; path = DesignCodeiOS16UITestsLaunchTests.swift; sourceTree = "<group>"; };
		D6C022AE29DF600900A07DB6 /* NavigationStackView.swift */ = {isa = PBXFileReference; lastKnownFileType = sourcecode.swift; path = NavigationStackView.swift; sourceTree = "<group>"; };
		D6C022B029DF61BD00A07DB6 /* Data.swift */ = {isa = PBXFileReference; lastKnownFileType = sourcecode.swift; path = Data.swift; sourceTree = "<group>"; };
/* End PBXFileReference section */

/* Begin PBXFrameworksBuildPhase section */
		D66A902F299ECE1B00C3C9C6 /* Frameworks */ = {
			isa = PBXFrameworksBuildPhase;
			buildActionMask = 2147483647;
			files = (
			);
			runOnlyForDeploymentPostprocessing = 0;
		};
		D66A9040299ECE1F00C3C9C6 /* Frameworks */ = {
			isa = PBXFrameworksBuildPhase;
			buildActionMask = 2147483647;
			files = (
			);
			runOnlyForDeploymentPostprocessing = 0;
		};
		D66A904A299ECE1F00C3C9C6 /* Frameworks */ = {
			isa = PBXFrameworksBuildPhase;
			buildActionMask = 2147483647;
			files = (
			);
			runOnlyForDeploymentPostprocessing = 0;
		};
/* End PBXFrameworksBuildPhase section */

/* Begin PBXGroup section */
		D66A9029299ECE1B00C3C9C6 = {
			isa = PBXGroup;
			children = (
				D66A9034299ECE1B00C3C9C6 /* DesignCodeiOS16 */,
				D66A9046299ECE1F00C3C9C6 /* DesignCodeiOS16Tests */,
				D66A9050299ECE1F00C3C9C6 /* DesignCodeiOS16UITests */,
				D66A9033299ECE1B00C3C9C6 /* Products */,
			);
			sourceTree = "<group>";
		};
		D66A9033299ECE1B00C3C9C6 /* Products */ = {
			isa = PBXGroup;
			children = (
				D66A9032299ECE1B00C3C9C6 /* DesignCodeiOS16.app */,
				D66A9043299ECE1F00C3C9C6 /* DesignCodeiOS16Tests.xctest */,
				D66A904D299ECE1F00C3C9C6 /* DesignCodeiOS16UITests.xctest */,
			);
			name = Products;
			sourceTree = "<group>";
		};
		D66A9034299ECE1B00C3C9C6 /* DesignCodeiOS16 */ = {
			isa = PBXGroup;
			children = (
				D6C022AD29DF5FF200A07DB6 /* Views */,
				D66A9035299ECE1B00C3C9C6 /* DesignCodeiOS16App.swift */,
				D66A9039299ECE1F00C3C9C6 /* Assets.xcassets */,
				D66A903B299ECE1F00C3C9C6 /* DesignCodeiOS16.entitlements */,
				D66A903C299ECE1F00C3C9C6 /* Preview Content */,
				D6C022B029DF61BD00A07DB6 /* Data.swift */,
			);
			path = DesignCodeiOS16;
			sourceTree = "<group>";
		};
		D66A903C299ECE1F00C3C9C6 /* Preview Content */ = {
			isa = PBXGroup;
			children = (
				D66A903D299ECE1F00C3C9C6 /* Preview Assets.xcassets */,
			);
			path = "Preview Content";
			sourceTree = "<group>";
		};
		D66A9046299ECE1F00C3C9C6 /* DesignCodeiOS16Tests */ = {
			isa = PBXGroup;
			children = (
				D66A9047299ECE1F00C3C9C6 /* DesignCodeiOS16Tests.swift */,
			);
			path = DesignCodeiOS16Tests;
			sourceTree = "<group>";
		};
		D66A9050299ECE1F00C3C9C6 /* DesignCodeiOS16UITests */ = {
			isa = PBXGroup;
			children = (
				D66A9051299ECE1F00C3C9C6 /* DesignCodeiOS16UITests.swift */,
				D66A9053299ECE1F00C3C9C6 /* DesignCodeiOS16UITestsLaunchTests.swift */,
			);
			path = DesignCodeiOS16UITests;
			sourceTree = "<group>";
		};
		D6C022AD29DF5FF200A07DB6 /* Views */ = {
			isa = PBXGroup;
			children = (
				D66A9037299ECE1B00C3C9C6 /* ContentView.swift */,
				D6C022AE29DF600900A07DB6 /* NavigationStackView.swift */,
			);
			path = Views;
			sourceTree = "<group>";
		};
/* End PBXGroup section */

/* Begin PBXNativeTarget section */
		D66A9031299ECE1B00C3C9C6 /* DesignCodeiOS16 */ = {
			isa = PBXNativeTarget;
			buildConfigurationList = D66A9057299ECE1F00C3C9C6 /* Build configuration list for PBXNativeTarget "DesignCodeiOS16" */;
			buildPhases = (
				D66A902E299ECE1B00C3C9C6 /* Sources */,
				D66A902F299ECE1B00C3C9C6 /* Frameworks */,
				D66A9030299ECE1B00C3C9C6 /* Resources */,
			);
			buildRules = (
			);
			dependencies = (
			);
			name = DesignCodeiOS16;
			productName = DesignCodeiOS16;
			productReference = D66A9032299ECE1B00C3C9C6 /* DesignCodeiOS16.app */;
			productType = "com.apple.product-type.application";
		};
		D66A9042299ECE1F00C3C9C6 /* DesignCodeiOS16Tests */ = {
			isa = PBXNativeTarget;
			buildConfigurationList = D66A905A299ECE1F00C3C9C6 /* Build configuration list for PBXNativeTarget "DesignCodeiOS16Tests" */;
			buildPhases = (
				D66A903F299ECE1F00C3C9C6 /* Sources */,
				D66A9040299ECE1F00C3C9C6 /* Frameworks */,
				D66A9041299ECE1F00C3C9C6 /* Resources */,
			);
			buildRules = (
			);
			dependencies = (
				D66A9045299ECE1F00C3C9C6 /* PBXTargetDependency */,
			);
			name = DesignCodeiOS16Tests;
			productName = DesignCodeiOS16Tests;
			productReference = D66A9043299ECE1F00C3C9C6 /* DesignCodeiOS16Tests.xctest */;
			productType = "com.apple.product-type.bundle.unit-test";
		};
		D66A904C299ECE1F00C3C9C6 /* DesignCodeiOS16UITests */ = {
			isa = PBXNativeTarget;
			buildConfigurationList = D66A905D299ECE1F00C3C9C6 /* Build configuration list for PBXNativeTarget "DesignCodeiOS16UITests" */;
			buildPhases = (
				D66A9049299ECE1F00C3C9C6 /* Sources */,
				D66A904A299ECE1F00C3C9C6 /* Frameworks */,
				D66A904B299ECE1F00C3C9C6 /* Resources */,
			);
			buildRules = (
			);
			dependencies = (
				D66A904F299ECE1F00C3C9C6 /* PBXTargetDependency */,
			);
			name = DesignCodeiOS16UITests;
			productName = DesignCodeiOS16UITests;
			productReference = D66A904D299ECE1F00C3C9C6 /* DesignCodeiOS16UITests.xctest */;
			productType = "com.apple.product-type.bundle.ui-testing";
		};
/* End PBXNativeTarget section */

/* Begin PBXProject section */
		D66A902A299ECE1B00C3C9C6 /* Project object */ = {
			isa = PBXProject;
			attributes = {
				BuildIndependentTargetsInParallel = 1;
				LastSwiftUpdateCheck = 1410;
				LastUpgradeCheck = 1410;
				TargetAttributes = {
					D66A9031299ECE1B00C3C9C6 = {
						CreatedOnToolsVersion = 14.1;
					};
					D66A9042299ECE1F00C3C9C6 = {
						CreatedOnToolsVersion = 14.1;
						TestTargetID = D66A9031299ECE1B00C3C9C6;
					};
					D66A904C299ECE1F00C3C9C6 = {
						CreatedOnToolsVersion = 14.1;
						TestTargetID = D66A9031299ECE1B00C3C9C6;
					};
				};
			};
			buildConfigurationList = D66A902D299ECE1B00C3C9C6 /* Build configuration list for PBXProject "DesignCodeiOS16" */;
			compatibilityVersion = "Xcode 14.0";
			developmentRegion = en;
			hasScannedForEncodings = 0;
			knownRegions = (
				en,
				Base,
			);
			mainGroup = D66A9029299ECE1B00C3C9C6;
			productRefGroup = D66A9033299ECE1B00C3C9C6 /* Products */;
			projectDirPath = "";
			projectRoot = "";
			targets = (
				D66A9031299ECE1B00C3C9C6 /* DesignCodeiOS16 */,
				D66A9042299ECE1F00C3C9C6 /* DesignCodeiOS16Tests */,
				D66A904C299ECE1F00C3C9C6 /* DesignCodeiOS16UITests */,
			);
		};
/* End PBXProject section */

/* Begin PBXResourcesBuildPhase section */
		D66A9030299ECE1B00C3C9C6 /* Resources */ = {
			isa = PBXResourcesBuildPhase;
			buildActionMask = 2147483647;
			files = (
				D66A903E299ECE1F00C3C9C6 /* Preview Assets.xcassets in Resources */,
				D66A903A299ECE1F00C3C9C6 /* Assets.xcassets in Resources */,
			);
			runOnlyForDeploymentPostprocessing = 0;
		};
		D66A9041299ECE1F00C3C9C6 /* Resources */ = {
			isa = PBXResourcesBuildPhase;
			buildActionMask = 2147483647;
			files = (
			);
			runOnlyForDeploymentPostprocessing = 0;
		};
		D66A904B299ECE1F00C3C9C6 /* Resources */ = {
			isa = PBXResourcesBuildPhase;
			buildActionMask = 2147483647;
			files = (
			);
			runOnlyForDeploymentPostprocessing = 0;
		};
/* End PBXResourcesBuildPhase section */

/* Begin PBXSourcesBuildPhase section */
		D66A902E299ECE1B00C3C9C6 /* Sources */ = {
			isa = PBXSourcesBuildPhase;
			buildActionMask = 2147483647;
			files = (
				D66A9038299ECE1B00C3C9C6 /* ContentView.swift in Sources */,
				D6C022AF29DF600900A07DB6 /* NavigationStackView.swift in Sources */,
				D66A9036299ECE1B00C3C9C6 /* DesignCodeiOS16App.swift in Sources */,
				D6C022B129DF61BD00A07DB6 /* Data.swift in Sources */,
			);
			runOnlyForDeploymentPostprocessing = 0;
		};
		D66A903F299ECE1F00C3C9C6 /* Sources */ = {
			isa = PBXSourcesBuildPhase;
			buildActionMask = 2147483647;
			files = (
				D66A9048299ECE1F00C3C9C6 /* DesignCodeiOS16Tests.swift in Sources */,
			);
			runOnlyForDeploymentPostprocessing = 0;
		};
		D66A9049299ECE1F00C3C9C6 /* Sources */ = {
			isa = PBXSourcesBuildPhase;
			buildActionMask = 2147483647;
			files = (
				D66A9054299ECE1F00C3C9C6 /* DesignCodeiOS16UITestsLaunchTests.swift in Sources */,
				D66A9052299ECE1F00C3C9C6 /* DesignCodeiOS16UITests.swift in Sources */,
			);
			runOnlyForDeploymentPostprocessing = 0;
		};
/* End PBXSourcesBuildPhase section */

/* Begin PBXTargetDependency section */
		D66A9045299ECE1F00C3C9C6 /* PBXTargetDependency */ = {
			isa = PBXTargetDependency;
			target = D66A9031299ECE1B00C3C9C6 /* DesignCodeiOS16 */;
			targetProxy = D66A9044299ECE1F00C3C9C6 /* PBXContainerItemProxy */;
		};
		D66A904F299ECE1F00C3C9C6 /* PBXTargetDependency */ = {
			isa = PBXTargetDependency;
			target = D66A9031299ECE1B00C3C9C6 /* DesignCodeiOS16 */;
			targetProxy = D66A904E299ECE1F00C3C9C6 /* PBXContainerItemProxy */;
		};
/* End PBXTargetDependency section */

/* Begin XCBuildConfiguration section */
		D66A9055299ECE1F00C3C9C6 /* Debug */ = {
			isa = XCBuildConfiguration;
			buildSettings = {
				ALWAYS_SEARCH_USER_PATHS = NO;
				CLANG_ANALYZER_NONNULL = YES;
				CLANG_ANALYZER_NUMBER_OBJECT_CONVERSION = YES_AGGRESSIVE;
				CLANG_CXX_LANGUAGE_STANDARD = "gnu++20";
				CLANG_ENABLE_MODULES = YES;
				CLANG_ENABLE_OBJC_ARC = YES;
				CLANG_ENABLE_OBJC_WEAK = YES;
				CLANG_WARN_BLOCK_CAPTURE_AUTORELEASING = YES;
				CLANG_WARN_BOOL_CONVERSION = YES;
				CLANG_WARN_COMMA = YES;
				CLANG_WARN_CONSTANT_CONVERSION = YES;
				CLANG_WARN_DEPRECATED_OBJC_IMPLEMENTATIONS = YES;
				CLANG_WARN_DIRECT_OBJC_ISA_USAGE = YES_ERROR;
				CLANG_WARN_DOCUMENTATION_COMMENTS = YES;
				CLANG_WARN_EMPTY_BODY = YES;
				CLANG_WARN_ENUM_CONVERSION = YES;
				CLANG_WARN_INFINITE_RECURSION = YES;
				CLANG_WARN_INT_CONVERSION = YES;
				CLANG_WARN_NON_LITERAL_NULL_CONVERSION = YES;
				CLANG_WARN_OBJC_IMPLICIT_RETAIN_SELF = YES;
				CLANG_WARN_OBJC_LITERAL_CONVERSION = YES;
				CLANG_WARN_OBJC_ROOT_CLASS = YES_ERROR;
				CLANG_WARN_QUOTED_INCLUDE_IN_FRAMEWORK_HEADER = YES;
				CLANG_WARN_RANGE_LOOP_ANALYSIS = YES;
				CLANG_WARN_STRICT_PROTOTYPES = YES;
				CLANG_WARN_SUSPICIOUS_MOVE = YES;
				CLANG_WARN_UNGUARDED_AVAILABILITY = YES_AGGRESSIVE;
				CLANG_WARN_UNREACHABLE_CODE = YES;
				CLANG_WARN__DUPLICATE_METHOD_MATCH = YES;
				COPY_PHASE_STRIP = NO;
				DEBUG_INFORMATION_FORMAT = dwarf;
				ENABLE_STRICT_OBJC_MSGSEND = YES;
				ENABLE_TESTABILITY = YES;
				GCC_C_LANGUAGE_STANDARD = gnu11;
				GCC_DYNAMIC_NO_PIC = NO;
				GCC_NO_COMMON_BLOCKS = YES;
				GCC_OPTIMIZATION_LEVEL = 0;
				GCC_PREPROCESSOR_DEFINITIONS = (
					"DEBUG=1",
					"$(inherited)",
				);
				GCC_WARN_64_TO_32_BIT_CONVERSION = YES;
				GCC_WARN_ABOUT_RETURN_TYPE = YES_ERROR;
				GCC_WARN_UNDECLARED_SELECTOR = YES;
				GCC_WARN_UNINITIALIZED_AUTOS = YES_AGGRESSIVE;
				GCC_WARN_UNUSED_FUNCTION = YES;
				GCC_WARN_UNUSED_VARIABLE = YES;
				MTL_ENABLE_DEBUG_INFO = INCLUDE_SOURCE;
				MTL_FAST_MATH = YES;
				ONLY_ACTIVE_ARCH = YES;
				SWIFT_ACTIVE_COMPILATION_CONDITIONS = DEBUG;
				SWIFT_OPTIMIZATION_LEVEL = "-Onone";
			};
			name = Debug;
		};
		D66A9056299ECE1F00C3C9C6 /* Release */ = {
			isa = XCBuildConfiguration;
			buildSettings = {
				ALWAYS_SEARCH_USER_PATHS = NO;
				CLANG_ANALYZER_NONNULL = YES;
				CLANG_ANALYZER_NUMBER_OBJECT_CONVERSION = YES_AGGRESSIVE;
				CLANG_CXX_LANGUAGE_STANDARD = "gnu++20";
				CLANG_ENABLE_MODULES = YES;
				CLANG_ENABLE_OBJC_ARC = YES;
				CLANG_ENABLE_OBJC_WEAK = YES;
				CLANG_WARN_BLOCK_CAPTURE_AUTORELEASING = YES;
				CLANG_WARN_BOOL_CONVERSION = YES;
				CLANG_WARN_COMMA = YES;
				CLANG_WARN_CONSTANT_CONVERSION = YES;
				CLANG_WARN_DEPRECATED_OBJC_IMPLEMENTATIONS = YES;
				CLANG_WARN_DIRECT_OBJC_ISA_USAGE = YES_ERROR;
				CLANG_WARN_DOCUMENTATION_COMMENTS = YES;
				CLANG_WARN_EMPTY_BODY = YES;
				CLANG_WARN_ENUM_CONVERSION = YES;
				CLANG_WARN_INFINITE_RECURSION = YES;
				CLANG_WARN_INT_CONVERSION = YES;
				CLANG_WARN_NON_LITERAL_NULL_CONVERSION = YES;
				CLANG_WARN_OBJC_IMPLICIT_RETAIN_SELF = YES;
				CLANG_WARN_OBJC_LITERAL_CONVERSION = YES;
				CLANG_WARN_OBJC_ROOT_CLASS = YES_ERROR;
				CLANG_WARN_QUOTED_INCLUDE_IN_FRAMEWORK_HEADER = YES;
				CLANG_WARN_RANGE_LOOP_ANALYSIS = YES;
				CLANG_WARN_STRICT_PROTOTYPES = YES;
				CLANG_WARN_SUSPICIOUS_MOVE = YES;
				CLANG_WARN_UNGUARDED_AVAILABILITY = YES_AGGRESSIVE;
				CLANG_WARN_UNREACHABLE_CODE = YES;
				CLANG_WARN__DUPLICATE_METHOD_MATCH = YES;
				COPY_PHASE_STRIP = NO;
				DEBUG_INFORMATION_FORMAT = "dwarf-with-dsym";
				ENABLE_NS_ASSERTIONS = NO;
				ENABLE_STRICT_OBJC_MSGSEND = YES;
				GCC_C_LANGUAGE_STANDARD = gnu11;
				GCC_NO_COMMON_BLOCKS = YES;
				GCC_WARN_64_TO_32_BIT_CONVERSION = YES;
				GCC_WARN_ABOUT_RETURN_TYPE = YES_ERROR;
				GCC_WARN_UNDECLARED_SELECTOR = YES;
				GCC_WARN_UNINITIALIZED_AUTOS = YES_AGGRESSIVE;
				GCC_WARN_UNUSED_FUNCTION = YES;
				GCC_WARN_UNUSED_VARIABLE = YES;
				MTL_ENABLE_DEBUG_INFO = NO;
				MTL_FAST_MATH = YES;
				SWIFT_COMPILATION_MODE = wholemodule;
				SWIFT_OPTIMIZATION_LEVEL = "-O";
			};
			name = Release;
		};
		D66A9058299ECE1F00C3C9C6 /* Debug */ = {
			isa = XCBuildConfiguration;
			buildSettings = {
				ASSETCATALOG_COMPILER_APPICON_NAME = AppIcon;
				ASSETCATALOG_COMPILER_GLOBAL_ACCENT_COLOR_NAME = AccentColor;
				CODE_SIGN_ENTITLEMENTS = DesignCodeiOS16/DesignCodeiOS16.entitlements;
				CODE_SIGN_STYLE = Automatic;
				CURRENT_PROJECT_VERSION = 1;
				DEVELOPMENT_ASSET_PATHS = "\"DesignCodeiOS16/Preview Content\"";
				DEVELOPMENT_TEAM = VD5A48DU7B;
				ENABLE_HARDENED_RUNTIME = YES;
				ENABLE_PREVIEWS = YES;
				GENERATE_INFOPLIST_FILE = YES;
				INFOPLIST_KEY_CFBundleDisplayName = "Design Code";
				"INFOPLIST_KEY_UIApplicationSceneManifest_Generation[sdk=iphoneos*]" = YES;
				"INFOPLIST_KEY_UIApplicationSceneManifest_Generation[sdk=iphonesimulator*]" = YES;
				"INFOPLIST_KEY_UIApplicationSupportsIndirectInputEvents[sdk=iphoneos*]" = YES;
				"INFOPLIST_KEY_UIApplicationSupportsIndirectInputEvents[sdk=iphonesimulator*]" = YES;
				"INFOPLIST_KEY_UILaunchScreen_Generation[sdk=iphoneos*]" = YES;
				"INFOPLIST_KEY_UILaunchScreen_Generation[sdk=iphonesimulator*]" = YES;
				"INFOPLIST_KEY_UIStatusBarStyle[sdk=iphoneos*]" = UIStatusBarStyleDefault;
				"INFOPLIST_KEY_UIStatusBarStyle[sdk=iphonesimulator*]" = UIStatusBarStyleDefault;
				INFOPLIST_KEY_UISupportedInterfaceOrientations_iPad = "UIInterfaceOrientationPortrait UIInterfaceOrientationPortraitUpsideDown UIInterfaceOrientationLandscapeLeft UIInterfaceOrientationLandscapeRight";
				INFOPLIST_KEY_UISupportedInterfaceOrientations_iPhone = "UIInterfaceOrientationPortrait UIInterfaceOrientationLandscapeLeft UIInterfaceOrientationLandscapeRight";
				IPHONEOS_DEPLOYMENT_TARGET = 16.1;
				LD_RUNPATH_SEARCH_PATHS = "@executable_path/Frameworks";
				"LD_RUNPATH_SEARCH_PATHS[sdk=macosx*]" = "@executable_path/../Frameworks";
				MACOSX_DEPLOYMENT_TARGET = 12.6;
				MARKETING_VERSION = 1.0;
				PRODUCT_BUNDLE_IDENTIFIER = "com.aleksei-sobolevskii.DesignCodeiOS16";
				PRODUCT_NAME = "$(TARGET_NAME)";
				SDKROOT = auto;
				SUPPORTED_PLATFORMS = "iphoneos iphonesimulator macosx";
				SWIFT_EMIT_LOC_STRINGS = YES;
				SWIFT_VERSION = 5.0;
				TARGETED_DEVICE_FAMILY = "1,2";
			};
			name = Debug;
		};
		D66A9059299ECE1F00C3C9C6 /* Release */ = {
			isa = XCBuildConfiguration;
			buildSettings = {
				ASSETCATALOG_COMPILER_APPICON_NAME = AppIcon;
				ASSETCATALOG_COMPILER_GLOBAL_ACCENT_COLOR_NAME = AccentColor;
				CODE_SIGN_ENTITLEMENTS = DesignCodeiOS16/DesignCodeiOS16.entitlements;
				CODE_SIGN_STYLE = Automatic;
				CURRENT_PROJECT_VERSION = 1;
				DEVELOPMENT_ASSET_PATHS = "\"DesignCodeiOS16/Preview Content\"";
				DEVELOPMENT_TEAM = VD5A48DU7B;
				ENABLE_HARDENED_RUNTIME = YES;
				ENABLE_PREVIEWS = YES;
				GENERATE_INFOPLIST_FILE = YES;
				INFOPLIST_KEY_CFBundleDisplayName = "Design Code";
				"INFOPLIST_KEY_UIApplicationSceneManifest_Generation[sdk=iphoneos*]" = YES;
				"INFOPLIST_KEY_UIApplicationSceneManifest_Generation[sdk=iphonesimulator*]" = YES;
				"INFOPLIST_KEY_UIApplicationSupportsIndirectInputEvents[sdk=iphoneos*]" = YES;
				"INFOPLIST_KEY_UIApplicationSupportsIndirectInputEvents[sdk=iphonesimulator*]" = YES;
				"INFOPLIST_KEY_UILaunchScreen_Generation[sdk=iphoneos*]" = YES;
				"INFOPLIST_KEY_UILaunchScreen_Generation[sdk=iphonesimulator*]" = YES;
				"INFOPLIST_KEY_UIStatusBarStyle[sdk=iphoneos*]" = UIStatusBarStyleDefault;
				"INFOPLIST_KEY_UIStatusBarStyle[sdk=iphonesimulator*]" = UIStatusBarStyleDefault;
				INFOPLIST_KEY_UISupportedInterfaceOrientations_iPad = "UIInterfaceOrientationPortrait UIInterfaceOrientationPortraitUpsideDown UIInterfaceOrientationLandscapeLeft UIInterfaceOrientationLandscapeRight";
				INFOPLIST_KEY_UISupportedInterfaceOrientations_iPhone = "UIInterfaceOrientationPortrait UIInterfaceOrientationLandscapeLeft UIInterfaceOrientationLandscapeRight";
				IPHONEOS_DEPLOYMENT_TARGET = 16.1;
				LD_RUNPATH_SEARCH_PATHS = "@executable_path/Frameworks";
				"LD_RUNPATH_SEARCH_PATHS[sdk=macosx*]" = "@executable_path/../Frameworks";
				MACOSX_DEPLOYMENT_TARGET = 12.6;
				MARKETING_VERSION = 1.0;
				PRODUCT_BUNDLE_IDENTIFIER = "com.aleksei-sobolevskii.DesignCodeiOS16";
				PRODUCT_NAME = "$(TARGET_NAME)";
				SDKROOT = auto;
				SUPPORTED_PLATFORMS = "iphoneos iphonesimulator macosx";
				SWIFT_EMIT_LOC_STRINGS = YES;
				SWIFT_VERSION = 5.0;
				TARGETED_DEVICE_FAMILY = "1,2";
			};
			name = Release;
		};
		D66A905B299ECE1F00C3C9C6 /* Debug */ = {
			isa = XCBuildConfiguration;
			buildSettings = {
				ALWAYS_EMBED_SWIFT_STANDARD_LIBRARIES = YES;
				BUNDLE_LOADER = "$(TEST_HOST)";
				CODE_SIGN_STYLE = Automatic;
				CURRENT_PROJECT_VERSION = 1;
				DEVELOPMENT_TEAM = VD5A48DU7B;
				GENERATE_INFOPLIST_FILE = YES;
				IPHONEOS_DEPLOYMENT_TARGET = 16.1;
				MACOSX_DEPLOYMENT_TARGET = 12.6;
				MARKETING_VERSION = 1.0;
				PRODUCT_BUNDLE_IDENTIFIER = "com.aleksei-sobolevskii.DesignCodeiOS16Tests";
				PRODUCT_NAME = "$(TARGET_NAME)";
				SDKROOT = auto;
				SUPPORTED_PLATFORMS = "iphoneos iphonesimulator macosx";
				SWIFT_EMIT_LOC_STRINGS = NO;
				SWIFT_VERSION = 5.0;
				TARGETED_DEVICE_FAMILY = "1,2";
				TEST_HOST = "$(BUILT_PRODUCTS_DIR)/DesignCodeiOS16.app/$(BUNDLE_EXECUTABLE_FOLDER_PATH)/DesignCodeiOS16";
			};
			name = Debug;
		};
		D66A905C299ECE1F00C3C9C6 /* Release */ = {
			isa = XCBuildConfiguration;
			buildSettings = {
				ALWAYS_EMBED_SWIFT_STANDARD_LIBRARIES = YES;
				BUNDLE_LOADER = "$(TEST_HOST)";
				CODE_SIGN_STYLE = Automatic;
				CURRENT_PROJECT_VERSION = 1;
				DEVELOPMENT_TEAM = VD5A48DU7B;
				GENERATE_INFOPLIST_FILE = YES;
				IPHONEOS_DEPLOYMENT_TARGET = 16.1;
				MACOSX_DEPLOYMENT_TARGET = 12.6;
				MARKETING_VERSION = 1.0;
				PRODUCT_BUNDLE_IDENTIFIER = "com.aleksei-sobolevskii.DesignCodeiOS16Tests";
				PRODUCT_NAME = "$(TARGET_NAME)";
				SDKROOT = auto;
				SUPPORTED_PLATFORMS = "iphoneos iphonesimulator macosx";
				SWIFT_EMIT_LOC_STRINGS = NO;
				SWIFT_VERSION = 5.0;
				TARGETED_DEVICE_FAMILY = "1,2";
				TEST_HOST = "$(BUILT_PRODUCTS_DIR)/DesignCodeiOS16.app/$(BUNDLE_EXECUTABLE_FOLDER_PATH)/DesignCodeiOS16";
			};
			name = Release;
		};
		D66A905E299ECE1F00C3C9C6 /* Debug */ = {
			isa = XCBuildConfiguration;
			buildSettings = {
				ALWAYS_EMBED_SWIFT_STANDARD_LIBRARIES = YES;
				CODE_SIGN_STYLE = Automatic;
				CURRENT_PROJECT_VERSION = 1;
				DEVELOPMENT_TEAM = VD5A48DU7B;
				GENERATE_INFOPLIST_FILE = YES;
				IPHONEOS_DEPLOYMENT_TARGET = 16.1;
				MACOSX_DEPLOYMENT_TARGET = 12.6;
				MARKETING_VERSION = 1.0;
				PRODUCT_BUNDLE_IDENTIFIER = "com.aleksei-sobolevskii.DesignCodeiOS16UITests";
				PRODUCT_NAME = "$(TARGET_NAME)";
				SDKROOT = auto;
				SUPPORTED_PLATFORMS = "iphoneos iphonesimulator macosx";
				SWIFT_EMIT_LOC_STRINGS = NO;
				SWIFT_VERSION = 5.0;
				TARGETED_DEVICE_FAMILY = "1,2";
				TEST_TARGET_NAME = DesignCodeiOS16;
			};
			name = Debug;
		};
		D66A905F299ECE1F00C3C9C6 /* Release */ = {
			isa = XCBuildConfiguration;
			buildSettings = {
				ALWAYS_EMBED_SWIFT_STANDARD_LIBRARIES = YES;
				CODE_SIGN_STYLE = Automatic;
				CURRENT_PROJECT_VERSION = 1;
				DEVELOPMENT_TEAM = VD5A48DU7B;
				GENERATE_INFOPLIST_FILE = YES;
				IPHONEOS_DEPLOYMENT_TARGET = 16.1;
				MACOSX_DEPLOYMENT_TARGET = 12.6;
				MARKETING_VERSION = 1.0;
				PRODUCT_BUNDLE_IDENTIFIER = "com.aleksei-sobolevskii.DesignCodeiOS16UITests";
				PRODUCT_NAME = "$(TARGET_NAME)";
				SDKROOT = auto;
				SUPPORTED_PLATFORMS = "iphoneos iphonesimulator macosx";
				SWIFT_EMIT_LOC_STRINGS = NO;
				SWIFT_VERSION = 5.0;
				TARGETED_DEVICE_FAMILY = "1,2";
				TEST_TARGET_NAME = DesignCodeiOS16;
			};
			name = Release;
		};
/* End XCBuildConfiguration section */

/* Begin XCConfigurationList section */
		D66A902D299ECE1B00C3C9C6 /* Build configuration list for PBXProject "DesignCodeiOS16" */ = {
			isa = XCConfigurationList;
			buildConfigurations = (
				D66A9055299ECE1F00C3C9C6 /* Debug */,
				D66A9056299ECE1F00C3C9C6 /* Release */,
			);
			defaultConfigurationIsVisible = 0;
			defaultConfigurationName = Release;
		};
		D66A9057299ECE1F00C3C9C6 /* Build configuration list for PBXNativeTarget "DesignCodeiOS16" */ = {
			isa = XCConfigurationList;
			buildConfigurations = (
				D66A9058299ECE1F00C3C9C6 /* Debug */,
				D66A9059299ECE1F00C3C9C6 /* Release */,
			);
			defaultConfigurationIsVisible = 0;
			defaultConfigurationName = Release;
		};
		D66A905A299ECE1F00C3C9C6 /* Build configuration list for PBXNativeTarget "DesignCodeiOS16Tests" */ = {
			isa = XCConfigurationList;
			buildConfigurations = (
				D66A905B299ECE1F00C3C9C6 /* Debug */,
				D66A905C299ECE1F00C3C9C6 /* Release */,
			);
			defaultConfigurationIsVisible = 0;
			defaultConfigurationName = Release;
		};
		D66A905D299ECE1F00C3C9C6 /* Build configuration list for PBXNativeTarget "DesignCodeiOS16UITests" */ = {
			isa = XCConfigurationList;
			buildConfigurations = (
				D66A905E299ECE1F00C3C9C6 /* Debug */,
				D66A905F299ECE1F00C3C9C6 /* Release */,
			);
			defaultConfigurationIsVisible = 0;
			defaultConfigurationName = Release;
		};
/* End XCConfigurationList section */
	};
	rootObject = D66A902A299ECE1B00C3C9C6 /* Project object */;
}
